{
  "nodes": {
    "affinity-nix": {
      "inputs": {
        "elemental-wine-source": "elemental-wine-source",
        "flake-compat": "flake-compat",
        "flake-parts": "flake-parts",
        "git-hooks": "git-hooks",
        "nixpkgs": "nixpkgs_2",
        "nixpkgs-wine": "nixpkgs-wine",
        "on-linux": "on-linux",
        "plugin-loader": "plugin-loader",
        "treefmt-nix": "treefmt-nix"
      },
      "locked": {
        "lastModified": 1772265981,
        "narHash": "sha256-JoXciqQCwHdIvENurNwgc6jH1e/d5xcjn9ybYNe+YQI=",
        "owner": "mrshmllow",
        "repo": "affinity-nix",
        "rev": "cd7bed5b72ceeb50b862c550cc16c6f1b11a2d84",
        "type": "github"
      },
      "original": {
        "owner": "mrshmllow",
        "repo": "affinity-nix",
        "type": "github"
      }
    },
    "durdraw": {
      "inputs": {
        "nixpkgs": [
          "nixpkgs"
        ]
      },
      "locked": {
        "lastModified": 1749354934,
        "narHash": "sha256-/x3hVmJ5/uYozNMShl6pNjGDDAEesl5HAY62GeXtnpo=",
        "owner": "scottmckendry",
        "repo": "durdraw",
        "rev": "4d0c6102f7b6b3b8b562cf823154b58338437eb8",
        "type": "github"
      },
      "original": {
        "owner": "scottmckendry",
        "ref": "nix-flake",
        "repo": "durdraw",
        "type": "github"
      }
    },
    "elemental-wine-source": {
      "flake": false,
      "locked": {
        "host": "gitlab.winehq.org",
        "lastModified": 1722747031,
        "narHash": "sha256-XVhz9p2kgFBoJ376vg8OaFXxcMEjAe9AK1hk0I1rb1Q=",
        "owner": "ElementalWarrior",
        "repo": "wine",
        "rev": "a7c9b19e1a26cf49c63a7c19189a3e2bbe2c6ac2",
        "type": "gitlab"
      },
      "original": {
        "host": "gitlab.winehq.org",
        "owner": "ElementalWarrior",
        "ref": "affinity-photo3-wine9.13-part3",
        "repo": "wine",
        "type": "gitlab"
      }
    },
    "flake-compat": {
      "locked": {
        "lastModified": 1751685974,
        "narHash": "sha256-NKw96t+BgHIYzHUjkTK95FqYRVKB8DHpVhefWSz/kTw=",
        "rev": "549f2762aebeff29a2e5ece7a7dc0f955281a1d1",
        "type": "tarball",
        "url": "https://git.lix.systems/api/v1/repos/lix-project/flake-compat/archive/549f2762aebeff29a2e5ece7a7dc0f955281a1d1.tar.gz?rev=549f2762aebeff29a2e5ece7a7dc0f955281a1d1"
      },
      "original": {
        "type": "tarball",
        "url": "https://git.lix.systems/lix-project/flake-compat/archive/main.tar.gz"
      }
    },
    "flake-compat_2": {
      "flake": false,
      "locked": {
        "lastModified": 1767039857,
        "narHash": "sha256-vNpUSpF5Nuw8xvDLj2KCwwksIbjua2LZCqhV1LNRDns=",
        "owner": "NixOS",
        "repo": "flake-compat",
        "rev": "5edf11c44bc78a0d334f6334cdaf7d60d732daab",
        "type": "github"
      },
      "original": {
        "owner": "NixOS",
        "repo": "flake-compat",
        "type": "github"
      }
    },
    "flake-parts": {
      "inputs": {
        "nixpkgs-lib": "nixpkgs-lib"
      },
      "locked": {
        "lastModified": 1769996383,
        "narHash": "sha256-AnYjnFWgS49RlqX7LrC4uA+sCCDBj0Ry/WOJ5XWAsa0=",
        "owner": "hercules-ci",
        "repo": "flake-parts",
        "rev": "57928607ea566b5db3ad13af0e57e921e6b12381",
        "type": "github"
      },
      "original": {
        "owner": "hercules-ci",
        "repo": "flake-parts",
        "type": "github"
      }
    },
    "flake-parts_2": {
      "inputs": {
        "nixpkgs-lib": [
          "nur",
          "nixpkgs"
        ]
      },
      "locked": {
        "lastModified": 1733312601,
        "narHash": "sha256-4pDvzqnegAfRkPwO3wmwBhVi/Sye1mzps0zHWYnP88c=",
        "owner": "hercules-ci",
        "repo": "flake-parts",
        "rev": "205b12d8b7cd4802fbcb8e8ef6a0f1408781a4f9",
        "type": "github"
      },
      "original": {
        "owner": "hercules-ci",
        "repo": "flake-parts",
        "type": "github"
      }
    },
    "git-hooks": {
      "inputs": {
        "flake-compat": "flake-compat_2",
        "gitignore": "gitignore",
        "nixpkgs": "nixpkgs"
      },
      "locked": {
        "lastModified": 1769939035,
        "narHash": "sha256-Fok2AmefgVA0+eprw2NDwqKkPGEI5wvR+twiZagBvrg=",
        "owner": "cachix",
        "repo": "git-hooks.nix",
        "rev": "a8ca480175326551d6c4121498316261cbb5b260",
        "type": "github"
      },
      "original": {
        "owner": "cachix",
        "repo": "git-hooks.nix",
        "type": "github"
      }
    },
    "gitignore": {
      "inputs": {
        "nixpkgs": [
          "affinity-nix",
          "git-hooks",
          "nixpkgs"
        ]
      },
      "locked": {
        "lastModified": 1709087332,
        "narHash": "sha256-HG2cCnktfHsKV0s4XW83gU3F57gaTljL9KNSuG6bnQs=",
        "owner": "hercules-ci",
        "repo": "gitignore.nix",
        "rev": "637db329424fd7e46cf4185293b9cc8c88c95394",
        "type": "github"
      },
      "original": {
        "owner": "hercules-ci",
        "repo": "gitignore.nix",
        "type": "github"
      }
    },
    "hjem": {
      "inputs": {
        "nix-darwin": "nix-darwin",
        "nixpkgs": "nixpkgs_4",
        "smfh": "smfh"
      },
      "locked": {
        "lastModified": 1771212460,
        "narHash": "sha256-1RfmXbDIxgwP2/SrYSYd9zdArUaJEm6C3FXpdRlmeso=",
        "owner": "feel-co",
        "repo": "hjem",
        "rev": "7f2880d705edf541955d98f56cb78f9507384423",
        "type": "github"
      },
      "original": {
        "owner": "feel-co",
        "repo": "hjem",
        "type": "github"
      }
    },
    "hjem-impure": {
      "inputs": {
        "hjem": "hjem_2",
        "nixpkgs": "nixpkgs_5"
      },
      "locked": {
        "lastModified": 1767386580,
        "narHash": "sha256-6W1iRnwMIMsfY2p7ksvGy6l2+YA0j57mqq3Kv3Y7Yzc=",
        "owner": "Rexcrazy804",
        "repo": "hjem-impure",
        "rev": "93145962a2b822b63562c7f482b2fb43be64e119",
        "type": "github"
      },
      "original": {
        "owner": "Rexcrazy804",
        "repo": "hjem-impure",
        "type": "github"
      }
    },
    "hjem_2": {
      "inputs": {
        "nix-darwin": [
          "hjem-impure"
        ],
        "nixpkgs": [
          "hjem-impure",
          "nixpkgs"
        ],
        "smfh": [
          "hjem-impure"
        ]
      },
      "locked": {
        "lastModified": 1767318528,
        "narHash": "sha256-I2zxtEafZbFbqXe71rjqwVeTDv8SIVLaSzQd39SwfwM=",
        "owner": "feel-co",
        "repo": "hjem",
        "rev": "8539013044624a257e8da370069107aea148e985",
        "type": "github"
      },
      "original": {
        "owner": "feel-co",
        "repo": "hjem",
        "type": "github"
      }
    },
    "home-manager": {
      "inputs": {
        "nixpkgs": [
          "zen-browser",
          "nixpkgs"
        ]
      },
      "locked": {
        "lastModified": 1772330611,
        "narHash": "sha256-UZjPc/d5XRxvjDbk4veAO4XFdvx6BUum2l40V688Xq8=",
        "owner": "nix-community",
        "repo": "home-manager",
        "rev": "58fd7ff0eec2cda43e705c4c0585729ec471d400",
        "type": "github"
      },
      "original": {
        "owner": "nix-community",
        "repo": "home-manager",
        "type": "github"
      }
    },
    "niri": {
      "inputs": {
        "nixpkgs": "nixpkgs_6",
        "rust-overlay": "rust-overlay_2"
      },
      "locked": {
        "lastModified": 1772207631,
        "narHash": "sha256-Jkkg+KqshFO3CbTszVVpkKN2AOObYz+wMsM3ONo1z5g=",
        "owner": "yalter",
        "repo": "niri",
        "rev": "e708f546153f74acf33eb183b3b2992587a701e5",
        "type": "github"
      },
      "original": {
        "owner": "yalter",
        "repo": "niri",
        "type": "github"
      }
    },
    "nix-darwin": {
      "inputs": {
        "nixpkgs": [
          "hjem",
          "nixpkgs"
        ]
      },
      "locked": {
        "lastModified": 1770922915,
        "narHash": "sha256-6J/JoK9iL7sHvKJcGW2KId2agaKv1OGypsa7kN+ZBD4=",
        "owner": "nix-darwin",
        "repo": "nix-darwin",
        "rev": "6c5a56295d2a24e43bcd8af838def1b9a95746b2",
        "type": "github"
      },
      "original": {
        "owner": "nix-darwin",
        "repo": "nix-darwin",
        "type": "github"
      }
    },
    "nixpkgs": {
      "locked": {
        "lastModified": 1764947035,
        "narHash": "sha256-EYHSjVM4Ox4lvCXUMiKKs2vETUSL5mx+J2FfutM7T9w=",
        "owner": "NixOS",
        "repo": "nixpkgs",
        "rev": "a672be65651c80d3f592a89b3945466584a22069",
        "type": "github"
      },
      "original": {
        "owner": "NixOS",
        "ref": "nixpkgs-unstable",
        "repo": "nixpkgs",
        "type": "github"
      }
    },
    "nixpkgs-lib": {
      "locked": {
        "lastModified": 1769909678,
        "narHash": "sha256-cBEymOf4/o3FD5AZnzC3J9hLbiZ+QDT/KDuyHXVJOpM=",
        "owner": "nix-community",
        "repo": "nixpkgs.lib",
        "rev": "72716169fe93074c333e8d0173151350670b824c",
        "type": "github"
      },
      "original": {
        "owner": "nix-community",
        "repo": "nixpkgs.lib",
        "type": "github"
      }
    },
    "nixpkgs-wine": {
      "locked": {
        "lastModified": 1735834308,
        "narHash": "sha256-dklw3AXr3OGO4/XT1Tu3Xz9n/we8GctZZ75ZWVqAVhk=",
        "owner": "nixos",
        "repo": "nixpkgs",
        "rev": "6df24922a1400241dae323af55f30e4318a6ca65",
        "type": "github"
      },
      "original": {
        "owner": "nixos",
        "repo": "nixpkgs",
        "rev": "6df24922a1400241dae323af55f30e4318a6ca65",
        "type": "github"
      }
    },
    "nixpkgs_2": {
      "locked": {
        "lastModified": 1769789167,
        "narHash": "sha256-kKB3bqYJU5nzYeIROI82Ef9VtTbu4uA3YydSk/Bioa8=",
        "owner": "nixos",
        "repo": "nixpkgs",
        "rev": "62c8382960464ceb98ea593cb8321a2cf8f9e3e5",
        "type": "github"
      },
      "original": {
        "owner": "nixos",
        "ref": "nixos-unstable",
        "repo": "nixpkgs",
        "type": "github"
      }
    },
    "nixpkgs_3": {
      "locked": {
        "lastModified": 1767364772,
        "narHash": "sha256-fFUnEYMla8b7UKjijLnMe+oVFOz6HjijGGNS1l7dYaQ=",
        "owner": "nixos",
        "repo": "nixpkgs",
        "rev": "16c7794d0a28b5a37904d55bcca36003b9109aaa",
        "type": "github"
      },
      "original": {
        "owner": "nixos",
        "ref": "nixpkgs-unstable",
        "repo": "nixpkgs",
        "type": "github"
      }
    },
    "nixpkgs_4": {
      "locked": {
        "lastModified": 1771008912,
        "narHash": "sha256-MUxwjvnO2hZitXm52phpSCcCv5Zx4DeVTAPZa8jcxtw=",
        "rev": "a82ccc39b39b621151d6732718e3e250109076fa",
        "type": "tarball",
        "url": "https://releases.nixos.org/nixos/unstable/nixos-26.05pre945868.a82ccc39b39b/nixexprs.tar.xz?lastModified=1771008912&rev=a82ccc39b39b621151d6732718e3e250109076fa"
      },
      "original": {
        "type": "tarball",
        "url": "https://channels.nixos.org/nixos-unstable/nixexprs.tar.xz"
      }
    },
    "nixpkgs_5": {
      "locked": {
        "lastModified": 1767116409,
        "narHash": "sha256-5vKw92l1GyTnjoLzEagJy5V5mDFck72LiQWZSOnSicw=",
        "owner": "nixos",
        "repo": "nixpkgs",
        "rev": "cad22e7d996aea55ecab064e84834289143e44a0",
        "type": "github"
      },
      "original": {
        "owner": "nixos",
        "ref": "nixos-unstable",
        "repo": "nixpkgs",
        "type": "github"
      }
    },
    "nixpkgs_6": {
      "locked": {
        "lastModified": 1757967192,
        "narHash": "sha256-/aA9A/OBmnuOMgwfzdsXRusqzUpd8rQnQY8jtrHK+To=",
        "owner": "NixOS",
        "repo": "nixpkgs",
        "rev": "0d7c15863b251a7a50265e57c1dca1a7add2e291",
        "type": "github"
      },
      "original": {
        "owner": "NixOS",
        "ref": "nixpkgs-unstable",
        "repo": "nixpkgs",
        "type": "github"
      }
    },
    "nixpkgs_7": {
      "locked": {
        "lastModified": 1772198003,
        "narHash": "sha256-I45esRSssFtJ8p/gLHUZ1OUaaTaVLluNkABkk6arQwE=",
        "owner": "nixos",
        "repo": "nixpkgs",
        "rev": "dd9b079222d43e1943b6ebd802f04fd959dc8e61",
        "type": "github"
      },
      "original": {
        "owner": "nixos",
        "ref": "nixos-unstable",
        "repo": "nixpkgs",
        "type": "github"
      }
    },
    "nixpkgs_8": {
      "locked": {
        "lastModified": 1772198003,
        "narHash": "sha256-I45esRSssFtJ8p/gLHUZ1OUaaTaVLluNkABkk6arQwE=",
        "owner": "nixos",
        "repo": "nixpkgs",
        "rev": "dd9b079222d43e1943b6ebd802f04fd959dc8e61",
        "type": "github"
      },
      "original": {
        "owner": "nixos",
        "ref": "nixos-unstable",
        "repo": "nixpkgs",
        "type": "github"
      }
    },
    "nixpkgs_9": {
      "locked": {
        "lastModified": 1762111121,
        "narHash": "sha256-4vhDuZ7OZaZmKKrnDpxLZZpGIJvAeMtK6FKLJYUtAdw=",
        "owner": "NixOS",
        "repo": "nixpkgs",
        "rev": "b3d51a0365f6695e7dd5cdf3e180604530ed33b4",
        "type": "github"
      },
      "original": {
        "owner": "NixOS",
        "ref": "nixos-unstable",
        "repo": "nixpkgs",
        "type": "github"
      }
    },
    "noctalia": {
      "inputs": {
        "nixpkgs": [
          "nixpkgs"
        ],
        "noctalia-qs": "noctalia-qs"
      },
      "locked": {
        "lastModified": 1772453415,
        "narHash": "sha256-8TCMSFCBZdutKryFKX72GOb/NWL9/vB5rswgWXV/EuM=",
        "owner": "noctalia-dev",
        "repo": "noctalia-shell",
        "rev": "8ebf2bf33220c62f3c5e937a318eceb25dd17228",
        "type": "github"
      },
      "original": {
        "owner": "noctalia-dev",
        "repo": "noctalia-shell",
        "type": "github"
      }
    },
    "noctalia-qs": {
      "inputs": {
        "nixpkgs": [
          "noctalia",
          "nixpkgs"
        ]
      },
      "locked": {
        "lastModified": 1772227064,
        "narHash": "sha256-f821ZSoGpa/aXrWq0gPpea9qBnX8KDyavGKkptz2Mog=",
        "owner": "noctalia-dev",
        "repo": "noctalia-qs",
        "rev": "0741d27d2f7db567270f139c5d1684614ecf9863",
        "type": "github"
      },
      "original": {
        "owner": "noctalia-dev",
        "repo": "noctalia-qs",
        "type": "github"
      }
    },
    "nur": {
      "inputs": {
        "flake-parts": "flake-parts_2",
        "nixpkgs": "nixpkgs_8"
      },
      "locked": {
        "lastModified": 1772465879,
        "narHash": "sha256-kKDJ+HreZVro7p/O0RBJZM2ZS71QA3Y/ihwNvmqPaPs=",
        "owner": "nix-community",
        "repo": "NUR",
        "rev": "7fbdda6e354924cc315e04d04d64ee40c476c3e9",
        "type": "github"
      },
      "original": {
        "owner": "nix-community",
        "repo": "NUR",
        "type": "github"
      }
    },
    "on-linux": {
      "flake": false,
      "locked": {
        "lastModified": 1769366983,
        "narHash": "sha256-uBLHcm0WP8n4ms7eV05wt4mc9uvUo9OVMM/41lW+u8Q=",
        "owner": "seapear",
        "repo": "AffinityOnLinux",
        "rev": "c3909c9e265f8091b9b0b26d8f51815a0a19e547",
        "type": "github"
      },
      "original": {
        "owner": "seapear",
        "repo": "AffinityOnLinux",
        "type": "github"
      }
    },
    "plugin-loader": {
      "flake": false,
      "locked": {
        "narHash": "sha256-mixBa/xIfSIrSS3+bGqznXxSE6h8s7e2xoJM2g4eXhg=",
        "type": "file",
        "url": "https://github.com/noahc3/AffinityPluginLoader/releases/download/v0.2.0/affinitypluginloader-plus-winefix.tar.xz"
      },
      "original": {
        "type": "file",
        "url": "https://github.com/noahc3/AffinityPluginLoader/releases/download/v0.2.0/affinitypluginloader-plus-winefix.tar.xz"
      }
    },
    "quickshell": {
      "inputs": {
        "nixpkgs": [
          "nixpkgs"
        ]
      },
      "locked": {
        "lastModified": 1771926182,
        "narHash": "sha256-QbXuSLhiSxOq6ydBL3+KGe1aiYWBW+e3J6qjJZaRMq0=",
        "owner": "outfoxxed",
        "repo": "quickshell",
        "rev": "cddb4f061bab495f4473ca5f2c571b6c710efef7",
        "type": "github"
      },
      "original": {
        "owner": "outfoxxed",
        "repo": "quickshell",
        "type": "github"
      }
    },
    "root": {
      "inputs": {
        "affinity-nix": "affinity-nix",
        "durdraw": "durdraw",
        "hjem": "hjem",
        "hjem-impure": "hjem-impure",
        "niri": "niri",
        "nixpkgs": "nixpkgs_7",
        "noctalia": "noctalia",
        "nur": "nur",
        "quickshell": "quickshell",
        "vicinae": "vicinae",
        "zen-browser": "zen-browser"
      }
    },
    "rust-overlay": {
      "inputs": {
        "nixpkgs": [
          "hjem",
          "smfh",
          "nixpkgs"
        ]
      },
      "locked": {
        "lastModified": 1771125043,
        "narHash": "sha256-ldf/s49n6rOAxl7pYLJGGS1N/assoHkCOWdEdLyNZkc=",
        "owner": "oxalica",
        "repo": "rust-overlay",
        "rev": "4912f951a26dc8142b176be2c2ad834319dc06e8",
        "type": "github"
      },
      "original": {
        "owner": "oxalica",
        "repo": "rust-overlay",
        "type": "github"
      }
    },
    "rust-overlay_2": {
      "inputs": {
        "nixpkgs": [
          "niri",
          "nixpkgs"
        ]
      },
      "locked": {
        "lastModified": 1757989933,
        "narHash": "sha256-9cpKYWWPCFhgwQTww8S94rTXgg8Q8ydFv9fXM6I8xQM=",
        "owner": "oxalica",
        "repo": "rust-overlay",
        "rev": "8249aa3442fb9b45e615a35f39eca2fe5510d7c3",
        "type": "github"
      },
      "original": {
        "owner": "oxalica",
        "repo": "rust-overlay",
        "type": "github"
      }
    },
    "smfh": {
      "inputs": {
        "nixpkgs": [
          "hjem",
          "nixpkgs"
        ],
        "rust-overlay": "rust-overlay",
        "systems": "systems"
      },
      "locked": {
        "lastModified": 1771208268,
        "narHash": "sha256-6zMgOPzBbTSm8jzPqmGcotjvkN3HzxcnMM8pW64JpZQ=",
        "owner": "feel-co",
        "repo": "smfh",
        "rev": "dd0a33fc9d1fe7c29da86225af4b4a47b1714839",
        "type": "github"
      },
      "original": {
        "owner": "feel-co",
        "repo": "smfh",
        "type": "github"
      }
    },
    "systems": {
      "locked": {
        "lastModified": 1681028828,
        "narHash": "sha256-Vy1rq5AaRuLzOxct8nz4T6wlgyUR7zLU309k9mBC768=",
        "owner": "nix-systems",
        "repo": "default",
        "rev": "da67096a3b9bf56a91d16901293e51ba5b49a27e",
        "type": "github"
      },
      "original": {
        "owner": "nix-systems",
        "repo": "default",
        "type": "github"
      }
    },
    "systems_2": {
      "locked": {
        "lastModified": 1681028828,
        "narHash": "sha256-Vy1rq5AaRuLzOxct8nz4T6wlgyUR7zLU309k9mBC768=",
        "owner": "nix-systems",
        "repo": "default",
        "rev": "da67096a3b9bf56a91d16901293e51ba5b49a27e",
        "type": "github"
      },
      "original": {
        "owner": "nix-systems",
        "repo": "default",
        "type": "github"
      }
    },
    "treefmt-nix": {
      "inputs": {
        "nixpkgs": "nixpkgs_3"
      },
      "locked": {
        "lastModified": 1769691507,
        "narHash": "sha256-8aAYwyVzSSwIhP2glDhw/G0i5+wOrren3v6WmxkVonM=",
        "owner": "numtide",
        "repo": "treefmt-nix",
        "rev": "28b19c5844cc6e2257801d43f2772a4b4c050a1b",
        "type": "github"
      },
      "original": {
        "owner": "numtide",
        "repo": "treefmt-nix",
        "type": "github"
      }
    },
    "vicinae": {
      "inputs": {
        "nixpkgs": "nixpkgs_9",
        "systems": "systems_2"
      },
      "locked": {
        "lastModified": 1772408646,
        "narHash": "sha256-djsaREQHurjvz7zt5u3jvmuAWAjhv+RXQENmhNdeLOA=",
        "owner": "vicinaehq",
        "repo": "vicinae",
        "rev": "47aaa94e715d0b309d8a76a601bbb672f5b69574",
        "type": "github"
      },
      "original": {
        "owner": "vicinaehq",
        "repo": "vicinae",
        "type": "github"
      }
    },
    "zen-browser": {
      "inputs": {
        "home-manager": "home-manager",
        "nixpkgs": [
          "nixpkgs"
        ]
      },
      "locked": {
        "lastModified": 1773290887,
        "narHash": "sha256-L1yMYmFffHfZNP+hKJGRBmrFKkn/VDhu7jEbVftBQuM=",
        "owner": "0xc000022070",
        "repo": "zen-browser-flake",
        "rev": "9346698c4562819f61b4e5097151ec0b17729fab",
        "type": "github"
      },
      "original": {
        "owner": "0xc000022070",
        "repo": "zen-browser-flake",
        "type": "github"
      }
    }
  },
  "root": "root",
  "version": 7
}
